// !$*UTF8*$!
{
	archiveVersion = 1;
	classes = {
	};
	objectVersion = 50;
	objects = {

/* Begin PBXBuildFile section */
		02B3CE27B583FE5FFCF18A96 /* LaunchScreen.storyboard in Resources */ = {isa = PBXBuildFile; fileRef = ABCA37F1092260791671DC5B /* LaunchScreen.storyboard */; };
		396EACD2B85AFEA005BC6450 /* Generic.framework in Embed Frameworks */ = {isa = PBXBuildFile; fileRef = 678794BE842FB7C925167838 /* Generic.framework */; platformFilter = ios; settings = {ATTRIBUTES = (CodeSignOnCopy, RemoveHeadersOnCopy, ); }; };
		4D47A4D3294D9E80A20E487B /* AppTests.swift in Sources */ = {isa = PBXBuildFile; fileRef = 334258F46F58529BB953875A /* AppTests.swift */; };
		7BA089D795EB84ED12CC1421 /* GenericDataAccess.framework in Embed Frameworks */ = {isa = PBXBuildFile; fileRef = A93FD5CBBE3D7DF6E364B587 /* GenericDataAccess.framework */; platformFilter = ios; settings = {ATTRIBUTES = (CodeSignOnCopy, RemoveHeadersOnCopy, ); }; };
		81A91ADEE46B87F024565644 /* Generic.framework in Frameworks */ = {isa = PBXBuildFile; fileRef = 678794BE842FB7C925167838 /* Generic.framework */; platformFilter = ios; };
		877EB459A76430E8C855EB3E /* GenericPresentation.framework in Embed Frameworks */ = {isa = PBXBuildFile; fileRef = 5D2388B6E92BE3539E52333E /* GenericPresentation.framework */; platformFilter = ios; settings = {ATTRIBUTES = (CodeSignOnCopy, RemoveHeadersOnCopy, ); }; };
		88B78854D506A47168D6B00A /* ThirdPartyLibrary.framework in Embed Frameworks */ = {isa = PBXBuildFile; fileRef = B654558C712AEBAEF8CE5540 /* ThirdPartyLibrary.framework */; settings = {ATTRIBUTES = (CodeSignOnCopy, RemoveHeadersOnCopy, ); }; };
		97639454D5E33450A0D8185C /* Bundle+App.swift in Sources */ = {isa = PBXBuildFile; fileRef = CB1AF9D0780E6CC42D791F41 /* Bundle+App.swift */; };
		98E7BFCFAEE5A57335E2A59B /* AppContainer.swift in Sources */ = {isa = PBXBuildFile; fileRef = 6D3362E2C232A5A7EB2C0240 /* AppContainer.swift */; };
		B9303EABFF095D671B05A79F /* AppCore.swift in Sources */ = {isa = PBXBuildFile; fileRef = 8CBC295E711885E2E50B5D7F /* AppCore.swift */; };
		BC67F816064A413F83F21857 /* AppCoordinator.swift in Sources */ = {isa = PBXBuildFile; fileRef = EDF35E20EAA007FD73C2556F /* AppCoordinator.swift */; };
		D1A8BD6FF6E4C95A88C98CE6 /* AppDelegate.swift in Sources */ = {isa = PBXBuildFile; fileRef = 08CF19D9AD06C7999E350E45 /* AppDelegate.swift */; };
		F2A6158A548DE88430753593 /* GenericDomain.framework in Embed Frameworks */ = {isa = PBXBuildFile; fileRef = 61E6CAD6B23B084BC6814B71 /* GenericDomain.framework */; platformFilter = ios; settings = {ATTRIBUTES = (CodeSignOnCopy, RemoveHeadersOnCopy, ); }; };
/* End PBXBuildFile section */

/* Begin PBXContainerItemProxy section */
		32EAB22E4CA94300DDDCDCCB /* PBXContainerItemProxy */ = {
			isa = PBXContainerItemProxy;
			containerPortal = 6B590BF25178DC7D824D09CE /* Project object */;
			proxyType = 1;
			remoteGlobalIDString = 93E9E330FC2CE7458D9C925F;
			remoteInfo = App;
		};
/* End PBXContainerItemProxy section */

/* Begin PBXCopyFilesBuildPhase section */
		32C1016586DA85539DC02287 /* Embed Frameworks */ = {
			isa = PBXCopyFilesBuildPhase;
			buildActionMask = 2147483647;
			dstPath = "";
			dstSubfolderSpec = 10;
			files = (
			);
			name = "Embed Frameworks";
			runOnlyForDeploymentPostprocessing = 0;
		};
		8EFDE6013C818852098745E7 /* Embed Frameworks */ = {
			isa = PBXCopyFilesBuildPhase;
			buildActionMask = 2147483647;
			dstPath = "";
			dstSubfolderSpec = 10;
			files = (
				88B78854D506A47168D6B00A /* ThirdPartyLibrary.framework in Embed Frameworks */,
				396EACD2B85AFEA005BC6450 /* Generic.framework in Embed Frameworks */,
				7BA089D795EB84ED12CC1421 /* GenericDataAccess.framework in Embed Frameworks */,
				F2A6158A548DE88430753593 /* GenericDomain.framework in Embed Frameworks */,
				877EB459A76430E8C855EB3E /* GenericPresentation.framework in Embed Frameworks */,
			);
			name = "Embed Frameworks";
			runOnlyForDeploymentPostprocessing = 0;
		};
/* End PBXCopyFilesBuildPhase section */

/* Begin PBXFileReference section */
		08CF19D9AD06C7999E350E45 /* AppDelegate.swift */ = {isa = PBXFileReference; lastKnownFileType = sourcecode.swift; path = AppDelegate.swift; sourceTree = "<group>"; };
		334258F46F58529BB953875A /* AppTests.swift */ = {isa = PBXFileReference; lastKnownFileType = sourcecode.swift; path = AppTests.swift; sourceTree = "<group>"; };
		571E08A9083FD4334E4B7D06 /* App.app */ = {isa = PBXFileReference; explicitFileType = wrapper.application; includeInIndex = 0; path = App.app; sourceTree = BUILT_PRODUCTS_DIR; };
		5D2388B6E92BE3539E52333E /* GenericPresentation.framework */ = {isa = PBXFileReference; explicitFileType = wrapper.framework; includeInIndex = 0; path = GenericPresentation.framework; sourceTree = BUILT_PRODUCTS_DIR; };
		61E6CAD6B23B084BC6814B71 /* GenericDomain.framework */ = {isa = PBXFileReference; explicitFileType = wrapper.framework; includeInIndex = 0; path = GenericDomain.framework; sourceTree = BUILT_PRODUCTS_DIR; };
		678794BE842FB7C925167838 /* Generic.framework */ = {isa = PBXFileReference; explicitFileType = wrapper.framework; includeInIndex = 0; path = Generic.framework; sourceTree = BUILT_PRODUCTS_DIR; };
		6D3362E2C232A5A7EB2C0240 /* AppContainer.swift */ = {isa = PBXFileReference; lastKnownFileType = sourcecode.swift; path = AppContainer.swift; sourceTree = "<group>"; };
		8CBC295E711885E2E50B5D7F /* AppCore.swift */ = {isa = PBXFileReference; lastKnownFileType = sourcecode.swift; path = AppCore.swift; sourceTree = "<group>"; };
		A93FD5CBBE3D7DF6E364B587 /* GenericDataAccess.framework */ = {isa = PBXFileReference; explicitFileType = wrapper.framework; includeInIndex = 0; path = GenericDataAccess.framework; sourceTree = BUILT_PRODUCTS_DIR; };
		ABCA37F1092260791671DC5B /* LaunchScreen.storyboard */ = {isa = PBXFileReference; lastKnownFileType = file.storyboard; path = LaunchScreen.storyboard; sourceTree = "<group>"; };
		AF7877AAC233023D75525F9B /* App.plist */ = {isa = PBXFileReference; lastKnownFileType = text.plist; path = App.plist; sourceTree = "<group>"; };
		B53AEE60D8B252366B89D361 /* AppTests.plist */ = {isa = PBXFileReference; lastKnownFileType = text.plist; path = AppTests.plist; sourceTree = "<group>"; };
		B654558C712AEBAEF8CE5540 /* ThirdPartyLibrary.framework */ = {isa = PBXFileReference; explicitFileType = wrapper.framework; includeInIndex = 0; path = ThirdPartyLibrary.framework; sourceTree = BUILT_PRODUCTS_DIR; };
		BAFF060C3D8E68253DF6AABA /* AppTests.xctest */ = {isa = PBXFileReference; explicitFileType = wrapper.cfbundle; includeInIndex = 0; path = AppTests.xctest; sourceTree = BUILT_PRODUCTS_DIR; };
		CB1AF9D0780E6CC42D791F41 /* Bundle+App.swift */ = {isa = PBXFileReference; lastKnownFileType = sourcecode.swift; path = "Bundle+App.swift"; sourceTree = "<group>"; };
		EDF35E20EAA007FD73C2556F /* AppCoordinator.swift */ = {isa = PBXFileReference; lastKnownFileType = sourcecode.swift; path = AppCoordinator.swift; sourceTree = "<group>"; };
/* End PBXFileReference section */

/* Begin PBXFrameworksBuildPhase section */
		8CB8AEE85FC31EE4A826C233 /* Frameworks */ = {
			isa = PBXFrameworksBuildPhase;
			buildActionMask = 2147483647;
			files = (
			);
			runOnlyForDeploymentPostprocessing = 0;
		};
		BC0DC3536DED64E0E8C9923E /* Frameworks */ = {
			isa = PBXFrameworksBuildPhase;
			buildActionMask = 2147483647;
			files = (
				81A91ADEE46B87F024565644 /* Generic.framework in Frameworks */,
			);
			runOnlyForDeploymentPostprocessing = 0;
		};
/* End PBXFrameworksBuildPhase section */

/* Begin PBXGroup section */
		2E80F655C19234D4459722C0 /* Sources */ = {
			isa = PBXGroup;
			children = (
				6D3362E2C232A5A7EB2C0240 /* AppContainer.swift */,
				EDF35E20EAA007FD73C2556F /* AppCoordinator.swift */,
				8CBC295E711885E2E50B5D7F /* AppCore.swift */,
				08CF19D9AD06C7999E350E45 /* AppDelegate.swift */,
			);
			path = Sources;
			sourceTree = "<group>";
		};
		4102E3E068508DD683953C7D = {
			isa = PBXGroup;
			children = (
				52611B11A5E6A7198C4E57A3 /* Project */,
				BDD1182E50DC622819F25364 /* Frameworks */,
				E9C3DB3EC6D7655028A9C0D3 /* Products */,
			);
			sourceTree = "<group>";
		};
		52611B11A5E6A7198C4E57A3 /* Project */ = {
			isa = PBXGroup;
			children = (
				B3BCDE38B26B330C9A04FADE /* Derived */,
				CDC59CC40635662E5E4DBEDB /* Targets */,
			);
			name = Project;
			sourceTree = "<group>";
		};
		66EB57D721CBB7D427955C21 /* InfoPlists */ = {
			isa = PBXGroup;
			children = (
				AF7877AAC233023D75525F9B /* App.plist */,
				B53AEE60D8B252366B89D361 /* AppTests.plist */,
			);
			path = InfoPlists;
			sourceTree = "<group>";
		};
		694A4B2D4C0992C046AFE94D /* App */ = {
			isa = PBXGroup;
			children = (
				8BCBA8AF3F04DB7D422B07C7 /* Resources */,
				2E80F655C19234D4459722C0 /* Sources */,
				B55E44FD8E8952E0E9BFE257 /* Tests */,
			);
			path = App;
			sourceTree = "<group>";
		};
		8919B428B639C6AF4BBFE002 /* Sources */ = {
			isa = PBXGroup;
			children = (
				CB1AF9D0780E6CC42D791F41 /* Bundle+App.swift */,
			);
			path = Sources;
			sourceTree = "<group>";
		};
		8BCBA8AF3F04DB7D422B07C7 /* Resources */ = {
			isa = PBXGroup;
			children = (
				ABCA37F1092260791671DC5B /* LaunchScreen.storyboard */,
			);
			path = Resources;
			sourceTree = "<group>";
		};
		B3BCDE38B26B330C9A04FADE /* Derived */ = {
			isa = PBXGroup;
			children = (
				66EB57D721CBB7D427955C21 /* InfoPlists */,
				8919B428B639C6AF4BBFE002 /* Sources */,
			);
			path = Derived;
			sourceTree = "<group>";
		};
		B55E44FD8E8952E0E9BFE257 /* Tests */ = {
			isa = PBXGroup;
			children = (
				334258F46F58529BB953875A /* AppTests.swift */,
			);
			path = Tests;
			sourceTree = "<group>";
		};
		BDD1182E50DC622819F25364 /* Frameworks */ = {
			isa = PBXGroup;
			children = (
			);
			name = Frameworks;
			sourceTree = "<group>";
		};
		CDC59CC40635662E5E4DBEDB /* Targets */ = {
			isa = PBXGroup;
			children = (
				694A4B2D4C0992C046AFE94D /* App */,
			);
			name = Targets;
			path = ../../Targets;
			sourceTree = "<group>";
		};
		E9C3DB3EC6D7655028A9C0D3 /* Products */ = {
			isa = PBXGroup;
			children = (
				571E08A9083FD4334E4B7D06 /* App.app */,
				BAFF060C3D8E68253DF6AABA /* AppTests.xctest */,
				678794BE842FB7C925167838 /* Generic.framework */,
				A93FD5CBBE3D7DF6E364B587 /* GenericDataAccess.framework */,
				61E6CAD6B23B084BC6814B71 /* GenericDomain.framework */,
				5D2388B6E92BE3539E52333E /* GenericPresentation.framework */,
				B654558C712AEBAEF8CE5540 /* ThirdPartyLibrary.framework */,
			);
			name = Products;
			sourceTree = "<group>";
		};
/* End PBXGroup section */

/* Begin PBXNativeTarget section */
		93E9E330FC2CE7458D9C925F /* App */ = {
			isa = PBXNativeTarget;
			buildConfigurationList = FFC1863BD4026D2C17CBE82B /* Build configuration list for PBXNativeTarget "App" */;
			buildPhases = (
				B77F0AF073564580D75A2CF1 /* Sources */,
				37BFF6A8CB5CC7FA21AD3FA3 /* Resources */,
				8EFDE6013C818852098745E7 /* Embed Frameworks */,
				BC0DC3536DED64E0E8C9923E /* Frameworks */,
			);
			buildRules = (
			);
			dependencies = (
			);
			name = App;
			productName = App;
			productReference = 571E08A9083FD4334E4B7D06 /* App.app */;
			productType = "com.apple.product-type.application";
		};
		99DCC7BD0ABB09C467644299 /* AppTests */ = {
			isa = PBXNativeTarget;
			buildConfigurationList = E5F9A71B7F6D259DCE5E1FD0 /* Build configuration list for PBXNativeTarget "AppTests" */;
			buildPhases = (
				F2209317AB8C886394D02ACA /* Sources */,
				16B5BCA1617F96ED51DB718E /* Resources */,
				32C1016586DA85539DC02287 /* Embed Frameworks */,
				8CB8AEE85FC31EE4A826C233 /* Frameworks */,
			);
			buildRules = (
			);
			dependencies = (
				96AA6D50C1AA746282D306B3 /* PBXTargetDependency */,
			);
			name = AppTests;
			productName = AppTests;
			productReference = BAFF060C3D8E68253DF6AABA /* AppTests.xctest */;
			productType = "com.apple.product-type.bundle.unit-test";
		};
/* End PBXNativeTarget section */

/* Begin PBXProject section */
		6B590BF25178DC7D824D09CE /* Project object */ = {
			isa = PBXProject;
			attributes = {
				ORGANIZATIONNAME = tuist.io;
				TargetAttributes = {
					99DCC7BD0ABB09C467644299 = {
						TestTargetID = 93E9E330FC2CE7458D9C925F;
					};
				};
			};
			buildConfigurationList = B3FD05C59F197F398A0B04AB /* Build configuration list for PBXProject "App" */;
			compatibilityVersion = "Xcode 13.0";
			developmentRegion = en;
			hasScannedForEncodings = 0;
			knownRegions = (
				Base,
				en,
			);
			mainGroup = 4102E3E068508DD683953C7D;
			productRefGroup = E9C3DB3EC6D7655028A9C0D3 /* Products */;
			projectDirPath = "";
			projectRoot = "";
			targets = (
				93E9E330FC2CE7458D9C925F /* App */,
				99DCC7BD0ABB09C467644299 /* AppTests */,
			);
		};
/* End PBXProject section */

/* Begin PBXResourcesBuildPhase section */
		16B5BCA1617F96ED51DB718E /* Resources */ = {
			isa = PBXResourcesBuildPhase;
			buildActionMask = 2147483647;
			files = (
			);
			runOnlyForDeploymentPostprocessing = 0;
		};
		37BFF6A8CB5CC7FA21AD3FA3 /* Resources */ = {
			isa = PBXResourcesBuildPhase;
			buildActionMask = 2147483647;
			files = (
				02B3CE27B583FE5FFCF18A96 /* LaunchScreen.storyboard in Resources */,
			);
			runOnlyForDeploymentPostprocessing = 0;
		};
/* End PBXResourcesBuildPhase section */

/* Begin PBXSourcesBuildPhase section */
		B77F0AF073564580D75A2CF1 /* Sources */ = {
			isa = PBXSourcesBuildPhase;
			buildActionMask = 2147483647;
			files = (
				97639454D5E33450A0D8185C /* Bundle+App.swift in Sources */,
				98E7BFCFAEE5A57335E2A59B /* AppContainer.swift in Sources */,
				BC67F816064A413F83F21857 /* AppCoordinator.swift in Sources */,
				B9303EABFF095D671B05A79F /* AppCore.swift in Sources */,
				D1A8BD6FF6E4C95A88C98CE6 /* AppDelegate.swift in Sources */,
			);
			runOnlyForDeploymentPostprocessing = 0;
		};
		F2209317AB8C886394D02ACA /* Sources */ = {
			isa = PBXSourcesBuildPhase;
			buildActionMask = 2147483647;
			files = (
				4D47A4D3294D9E80A20E487B /* AppTests.swift in Sources */,
			);
			runOnlyForDeploymentPostprocessing = 0;
		};
/* End PBXSourcesBuildPhase section */

/* Begin PBXTargetDependency section */
		96AA6D50C1AA746282D306B3 /* PBXTargetDependency */ = {
			isa = PBXTargetDependency;
			name = App;
			target = 93E9E330FC2CE7458D9C925F /* App */;
			targetProxy = 32EAB22E4CA94300DDDCDCCB /* PBXContainerItemProxy */;
		};
/* End PBXTargetDependency section */

/* Begin XCBuildConfiguration section */
		2EF40DF1E108E618D0D1371B /* Release */ = {
			isa = XCBuildConfiguration;
			buildSettings = {
				BUNDLE_LOADER = "$(TEST_HOST)";
				CODE_SIGN_IDENTITY = "iPhone Developer";
				INFOPLIST_FILE = Derived/InfoPlists/AppTests.plist;
				LD_RUNPATH_SEARCH_PATHS = (
					"$(inherited)",
					"@executable_path/Frameworks",
					"@loader_path/Frameworks",
				);
				PRODUCT_BUNDLE_IDENTIFIER = com.scope.AppTests;
				PRODUCT_NAME = AppTests;
				SDKROOT = iphoneos;
				SWIFT_COMPILATION_MODE = wholemodule;
				SWIFT_OPTIMIZATION_LEVEL = "-Owholemodule";
				SWIFT_VERSION = 5.6.1;
				TARGETED_DEVICE_FAMILY = "1,2";
				TEST_HOST = "$(BUILT_PRODUCTS_DIR)/App.app/App";
				TEST_TARGET_NAME = App;
			};
			name = Release;
		};
		4A0C935808978B5A7673E412 /* Debug */ = {
			isa = XCBuildConfiguration;
			buildSettings = {
				ASSETCATALOG_COMPILER_APPICON_NAME = AppIcon;
				CODE_SIGN_IDENTITY = "iPhone Developer";
				ENABLE_PREVIEWS = YES;
				INFOPLIST_FILE = Derived/InfoPlists/App.plist;
				IPHONEOS_DEPLOYMENT_TARGET = 15.0;
				LD_RUNPATH_SEARCH_PATHS = (
					"$(inherited)",
					"@executable_path/Frameworks",
				);
				PRODUCT_BUNDLE_IDENTIFIER = com.scope.App;
				PRODUCT_NAME = App;
				SDKROOT = iphoneos;
				SUPPORTS_MACCATALYST = NO;
				SWIFT_ACTIVE_COMPILATION_CONDITIONS = DEBUG;
				SWIFT_COMPILATION_MODE = singlefile;
				SWIFT_OPTIMIZATION_LEVEL = "-Onone";
				SWIFT_VERSION = 5.6.1;
				TARGETED_DEVICE_FAMILY = "1,2";
			};
			name = Debug;
		};
		5C9EF0E6AF4F9491454DE177 /* Release */ = {
			isa = XCBuildConfiguration;
			buildSettings = {
				ALWAYS_SEARCH_USER_PATHS = NO;
				CLANG_ANALYZER_LOCALIZABILITY_NONLOCALIZED = YES;
				CLANG_ANALYZER_NONNULL = YES;
				CLANG_ANALYZER_NUMBER_OBJECT_CONVERSION = YES_AGGRESSIVE;
				CLANG_CXX_LANGUAGE_STANDARD = "gnu++14";
				CLANG_CXX_LIBRARY = "libc++";
				CLANG_ENABLE_MODULES = YES;
				CLANG_ENABLE_OBJC_ARC = YES;
				CLANG_ENABLE_OBJC_WEAK = YES;
				CLANG_WARN_BLOCK_CAPTURE_AUTORELEASING = YES;
				CLANG_WARN_BOOL_CONVERSION = YES;
				CLANG_WARN_COMMA = YES;
				CLANG_WARN_CONSTANT_CONVERSION = YES;
				CLANG_WARN_DEPRECATED_OBJC_IMPLEMENTATIONS = YES;
				CLANG_WARN_DIRECT_OBJC_ISA_USAGE = YES_ERROR;
				CLANG_WARN_DOCUMENTATION_COMMENTS = YES;
				CLANG_WARN_EMPTY_BODY = YES;
				CLANG_WARN_ENUM_CONVERSION = YES;
				CLANG_WARN_INFINITE_RECURSION = YES;
				CLANG_WARN_INT_CONVERSION = YES;
				CLANG_WARN_NON_LITERAL_NULL_CONVERSION = YES;
				CLANG_WARN_OBJC_IMPLICIT_RETAIN_SELF = YES;
				CLANG_WARN_OBJC_LITERAL_CONVERSION = YES;
				CLANG_WARN_OBJC_ROOT_CLASS = YES_ERROR;
				CLANG_WARN_QUOTED_INCLUDE_IN_FRAMEWORK_HEADER = YES;
				CLANG_WARN_RANGE_LOOP_ANALYSIS = YES;
				CLANG_WARN_STRICT_PROTOTYPES = YES;
				CLANG_WARN_SUSPICIOUS_MOVE = YES;
				CLANG_WARN_UNGUARDED_AVAILABILITY = YES_AGGRESSIVE;
				CLANG_WARN_UNREACHABLE_CODE = YES;
				CLANG_WARN__DUPLICATE_METHOD_MATCH = YES;
				COPY_PHASE_STRIP = NO;
				DEBUG_INFORMATION_FORMAT = "dwarf-with-dsym";
				ENABLE_NS_ASSERTIONS = NO;
				ENABLE_STRICT_OBJC_MSGSEND = YES;
				GCC_C_LANGUAGE_STANDARD = gnu11;
				GCC_NO_COMMON_BLOCKS = YES;
				GCC_WARN_64_TO_32_BIT_CONVERSION = YES;
				GCC_WARN_ABOUT_RETURN_TYPE = YES_ERROR;
				GCC_WARN_UNDECLARED_SELECTOR = YES;
				GCC_WARN_UNINITIALIZED_AUTOS = YES_AGGRESSIVE;
				GCC_WARN_UNUSED_FUNCTION = YES;
				GCC_WARN_UNUSED_VARIABLE = YES;
				MTL_ENABLE_DEBUG_INFO = NO;
				PRODUCT_NAME = "$(TARGET_NAME)";
				VALIDATE_PRODUCT = YES;
			};
			name = Release;
		};
		E8D703594B18D360433E4667 /* Debug */ = {
			isa = XCBuildConfiguration;
			buildSettings = {
				BUNDLE_LOADER = "$(TEST_HOST)";
				CODE_SIGN_IDENTITY = "iPhone Developer";
				INFOPLIST_FILE = Derived/InfoPlists/AppTests.plist;
				LD_RUNPATH_SEARCH_PATHS = (
					"$(inherited)",
					"@executable_path/Frameworks",
					"@loader_path/Frameworks",
				);
				PRODUCT_BUNDLE_IDENTIFIER = com.scope.AppTests;
				PRODUCT_NAME = AppTests;
				SDKROOT = iphoneos;
				SWIFT_ACTIVE_COMPILATION_CONDITIONS = DEBUG;
				SWIFT_COMPILATION_MODE = singlefile;
				SWIFT_OPTIMIZATION_LEVEL = "-Onone";
				SWIFT_VERSION = 5.6.1;
				TARGETED_DEVICE_FAMILY = "1,2";
				TEST_HOST = "$(BUILT_PRODUCTS_DIR)/App.app/App";
				TEST_TARGET_NAME = App;
			};
			name = Debug;
		};
		EB1CC3A930E09FEBECF9195D /* Release */ = {
			isa = XCBuildConfiguration;
			buildSettings = {
				ASSETCATALOG_COMPILER_APPICON_NAME = AppIcon;
				CODE_SIGN_IDENTITY = "iPhone Developer";
				ENABLE_PREVIEWS = YES;
				INFOPLIST_FILE = Derived/InfoPlists/App.plist;
				IPHONEOS_DEPLOYMENT_TARGET = 15.0;
				LD_RUNPATH_SEARCH_PATHS = (
					"$(inherited)",
					"@executable_path/Frameworks",
				);
				PRODUCT_BUNDLE_IDENTIFIER = com.scope.App;
				PRODUCT_NAME = App;
				SDKROOT = iphoneos;
				SUPPORTS_MACCATALYST = NO;
				SWIFT_COMPILATION_MODE = wholemodule;
				SWIFT_OPTIMIZATION_LEVEL = "-Owholemodule";
				SWIFT_VERSION = 5.6.1;
				TARGETED_DEVICE_FAMILY = "1,2";
			};
			name = Release;
		};
		F61063B78755D98B1B9C3697 /* Debug */ = {
			isa = XCBuildConfiguration;
			buildSettings = {
				ALWAYS_SEARCH_USER_PATHS = NO;
				CLANG_ANALYZER_LOCALIZABILITY_NONLOCALIZED = YES;
				CLANG_ANALYZER_NONNULL = YES;
				CLANG_ANALYZER_NUMBER_OBJECT_CONVERSION = YES_AGGRESSIVE;
				CLANG_CXX_LANGUAGE_STANDARD = "gnu++14";
				CLANG_CXX_LIBRARY = "libc++";
				CLANG_ENABLE_MODULES = YES;
				CLANG_ENABLE_OBJC_ARC = YES;
				CLANG_ENABLE_OBJC_WEAK = YES;
				CLANG_WARN_BLOCK_CAPTURE_AUTORELEASING = YES;
				CLANG_WARN_BOOL_CONVERSION = YES;
				CLANG_WARN_COMMA = YES;
				CLANG_WARN_CONSTANT_CONVERSION = YES;
				CLANG_WARN_DEPRECATED_OBJC_IMPLEMENTATIONS = YES;
				CLANG_WARN_DIRECT_OBJC_ISA_USAGE = YES_ERROR;
				CLANG_WARN_DOCUMENTATION_COMMENTS = YES;
				CLANG_WARN_EMPTY_BODY = YES;
				CLANG_WARN_ENUM_CONVERSION = YES;
				CLANG_WARN_INFINITE_RECURSION = YES;
				CLANG_WARN_INT_CONVERSION = YES;
				CLANG_WARN_NON_LITERAL_NULL_CONVERSION = YES;
				CLANG_WARN_OBJC_IMPLICIT_RETAIN_SELF = YES;
				CLANG_WARN_OBJC_LITERAL_CONVERSION = YES;
				CLANG_WARN_OBJC_ROOT_CLASS = YES_ERROR;
				CLANG_WARN_QUOTED_INCLUDE_IN_FRAMEWORK_HEADER = YES;
				CLANG_WARN_RANGE_LOOP_ANALYSIS = YES;
				CLANG_WARN_STRICT_PROTOTYPES = YES;
				CLANG_WARN_SUSPICIOUS_MOVE = YES;
				CLANG_WARN_UNGUARDED_AVAILABILITY = YES_AGGRESSIVE;
				CLANG_WARN_UNREACHABLE_CODE = YES;
				CLANG_WARN__DUPLICATE_METHOD_MATCH = YES;
				COPY_PHASE_STRIP = NO;
				DEBUG_INFORMATION_FORMAT = dwarf;
				ENABLE_STRICT_OBJC_MSGSEND = YES;
				ENABLE_TESTABILITY = YES;
				GCC_C_LANGUAGE_STANDARD = gnu11;
				GCC_DYNAMIC_NO_PIC = NO;
				GCC_NO_COMMON_BLOCKS = YES;
				GCC_OPTIMIZATION_LEVEL = 0;
				GCC_PREPROCESSOR_DEFINITIONS = (
					"DEBUG=1",
					"$(inherited)",
				);
				GCC_WARN_64_TO_32_BIT_CONVERSION = YES;
				GCC_WARN_ABOUT_RETURN_TYPE = YES_ERROR;
				GCC_WARN_UNDECLARED_SELECTOR = YES;
				GCC_WARN_UNINITIALIZED_AUTOS = YES_AGGRESSIVE;
				GCC_WARN_UNUSED_FUNCTION = YES;
				GCC_WARN_UNUSED_VARIABLE = YES;
				MTL_ENABLE_DEBUG_INFO = YES;
				ONLY_ACTIVE_ARCH = YES;
				PRODUCT_NAME = "$(TARGET_NAME)";
			};
			name = Debug;
		};
/* End XCBuildConfiguration section */

/* Begin XCConfigurationList section */
		B3FD05C59F197F398A0B04AB /* Build configuration list for PBXProject "App" */ = {
			isa = XCConfigurationList;
			buildConfigurations = (
				F61063B78755D98B1B9C3697 /* Debug */,
				5C9EF0E6AF4F9491454DE177 /* Release */,
			);
			defaultConfigurationIsVisible = 0;
			defaultConfigurationName = Release;
		};
		E5F9A71B7F6D259DCE5E1FD0 /* Build configuration list for PBXNativeTarget "AppTests" */ = {
			isa = XCConfigurationList;
			buildConfigurations = (
				E8D703594B18D360433E4667 /* Debug */,
				2EF40DF1E108E618D0D1371B /* Release */,
			);
			defaultConfigurationIsVisible = 0;
			defaultConfigurationName = Release;
		};
		FFC1863BD4026D2C17CBE82B /* Build configuration list for PBXNativeTarget "App" */ = {
			isa = XCConfigurationList;
			buildConfigurations = (
				4A0C935808978B5A7673E412 /* Debug */,
				EB1CC3A930E09FEBECF9195D /* Release */,
			);
			defaultConfigurationIsVisible = 0;
			defaultConfigurationName = Release;
		};
/* End XCConfigurationList section */
	};
	rootObject = 6B590BF25178DC7D824D09CE /* Project object */;
}
